# THIS IS AN AUTOGENERATED FILE. DO NOT EDIT THIS FILE DIRECTLY.
# yarn lockfile v1


"@types/anymatch@*":
  version "1.3.1"
  resolved "http://registry.npm.taobao.org/@types/anymatch/download/@types/anymatch-1.3.1.tgz#336badc1beecb9dacc38bea2cf32adf627a8421a"
  integrity sha1-M2utwb7sudrMOL6izzKt9ieoQho=

"@types/node@*", "@types/node@^11.9.4":
  version "11.9.4"
  resolved "http://registry.npm.taobao.org/@types/node/download/@types/node-11.9.4.tgz#ceb0048a546db453f6248f2d1d95e937a6f00a14"
  integrity sha1-zrAEilRttFP2JI8tHZXpN6bwChQ=

"@types/tapable@*":
  version "1.0.4"
  resolved "http://registry.npm.taobao.org/@types/tapable/download/@types/tapable-1.0.4.tgz#b4ffc7dc97b498c969b360a41eee247f82616370"
  integrity sha1-tP/H3Je0mMlps2CkHu4kf4JhY3A=

"@types/uglify-js@*":
  version "3.0.4"
  resolved "http://registry.npm.taobao.org/@types/uglify-js/download/@types/uglify-js-3.0.4.tgz#96beae23df6f561862a830b4288a49e86baac082"
  integrity sha1-lr6uI99vVhhiqDC0KIpJ6GuqwII=
  dependencies:
    source-map "^0.6.1"

"@types/webpack@^4.4.24":
  version "4.4.24"
  resolved "http://registry.npm.taobao.org/@types/webpack/download/@types/webpack-4.4.24.tgz#75bc301176066f566ec54151b6101c2b45abb8b2"
  integrity sha1-dbwwEXYGb1ZuxUFRthAcK0WruLI=
  dependencies:
    "@types/anymatch" "*"
    "@types/node" "*"
    "@types/tapable" "*"
    "@types/uglify-js" "*"
    source-map "^0.6.0"

source-map@^0.6.0, source-map@^0.6.1:
  version "0.6.1"
  resolved "http://registry.npm.taobao.org/source-map/download/source-map-0.6.1.tgz#74722af32e9614e9c287a8d0bbde48b5e2f1a263"
  integrity sha1-dHIq8y6WFOnCh6jQu95IteLxomM=

tslib@^1.9.3:
  version "1.9.3"
  resolved "http://registry.npm.taobao.org/tslib/download/tslib-1.9.3.tgz#d7e4dd79245d85428c4d7e4822a79917954ca286"
  integrity sha1-1+TdeSRdhUKMTX5IIqeZF5VMooY=

typescript@^3.3.3:
  version "3.3.3"
  resolved "http://registry.npm.taobao.org/typescript/download/typescript-3.3.3.tgz#f1657fc7daa27e1a8930758ace9ae8da31403221"
  integrity sha1-8WV/x9qifhqJMHWKzpro2jFAMiE=
